
Microsoft Visual Studio Solution File, Format Version 12.00
# Visual Studio Version 17
VisualStudioVersion = 17.2.32505.173
MinimumVisualStudioVersion = 10.0.40219.1
Project("{FAE04EC0-301F-11D3-BF4B-00C04F79EFBC}") = "Patient Information portal Back end", "Patient Information portal Back end\Patient Information portal Back end.csproj", "{4C48644B-8024-4A3C-81A9-4072388E943B}"
EndProject
Global
	GlobalSection(SolutionConfigurationPlatforms) = preSolution
		Debug|Any CPU = Debug|Any CPU
		Release|Any CPU = Release|Any CPU
	EndGlobalSection
	GlobalSection(ProjectConfigurationPlatforms) = postSolution
		{4C48644B-8024-4A3C-81A9-4072388E943B}.Debug|Any CPU.ActiveCfg = Debug|Any CPU
		{4C48644B-8024-4A3C-81A9-4072388E943B}.Debug|Any CPU.Build.0 = Debug|Any CPU
		{4C48644B-8024-4A3C-81A9-4072388E943B}.Release|Any CPU.ActiveCfg = Release|Any CPU
		{4C48644B-8024-4A3C-81A9-4072388E943B}.Release|Any CPU.Build.0 = Release|Any CPU
	EndGlobalSection
	GlobalSection(SolutionProperties) = preSolution
		HideSolutionNode = FALSE
	EndGlobalSection
	GlobalSection(ExtensibilityGlobals) = postSolution
		SolutionGuid = {8ED15757-3B68-4859-9335-78B3245AB59C}
	EndGlobalSection
EndGlobal
